
Microsoft Visual Studio Solution File, Format Version 12.00
# Visual Studio Version 17
VisualStudioVersion = 17.5.002.0
MinimumVisualStudioVersion = 10.0.40219.1
Project("{9A19103F-16F7-4668-BE54-9A1E7A4F7556}") = "ProyectoFinal-TL1", "ProyectoFinal-TL1.csproj", "{C7EA91BE-946F-4471-AE35-6865DD82064C}"
EndProject
Global
	GlobalSection(SolutionConfigurationPlatforms) = preSolution
		Debug|Any CPU = Debug|Any CPU
		Release|Any CPU = Release|Any CPU
	EndGlobalSection
	GlobalSection(ProjectConfigurationPlatforms) = postSolution
		{C7EA91BE-946F-4471-AE35-6865DD82064C}.Debug|Any CPU.ActiveCfg = Debug|Any CPU
		{C7EA91BE-946F-4471-AE35-6865DD82064C}.Debug|Any CPU.Build.0 = Debug|Any CPU
		{C7EA91BE-946F-4471-AE35-6865DD82064C}.Release|Any CPU.ActiveCfg = Release|Any CPU
		{C7EA91BE-946F-4471-AE35-6865DD82064C}.Release|Any CPU.Build.0 = Release|Any CPU
	EndGlobalSection
	GlobalSection(SolutionProperties) = preSolution
		HideSolutionNode = FALSE
	EndGlobalSection
	GlobalSection(ExtensibilityGlobals) = postSolution
		SolutionGuid = {AAC8224F-CB56-4DD9-AEF1-490CAEA2197B}
	EndGlobalSection
EndGlobal
